// !$*UTF8*$!
{
	archiveVersion = 1;
	classes = {
	};
	objectVersion = 50;
	objects = {

/* Begin PBXBuildFile section */
		56E544B0216C70B300499762 /* AppDelegate.swift in Sources */ = {isa = PBXBuildFile; fileRef = 56E544AF216C70B300499762 /* AppDelegate.swift */; };
		56E544B2216C70B300499762 /* GymListViewController.swift in Sources */ = {isa = PBXBuildFile; fileRef = 56E544B1216C70B300499762 /* GymListViewController.swift */; };
		56E544B5216C70B300499762 /* Main.storyboard in Resources */ = {isa = PBXBuildFile; fileRef = 56E544B3216C70B300499762 /* Main.storyboard */; };
		56E544B7216C70B500499762 /* Assets.xcassets in Resources */ = {isa = PBXBuildFile; fileRef = 56E544B6216C70B500499762 /* Assets.xcassets */; };
		56E544BA216C70B500499762 /* LaunchScreen.storyboard in Resources */ = {isa = PBXBuildFile; fileRef = 56E544B8216C70B500499762 /* LaunchScreen.storyboard */; };
		56E544C5216C70B500499762 /* GymFinderTests.swift in Sources */ = {isa = PBXBuildFile; fileRef = 56E544C4216C70B500499762 /* GymFinderTests.swift */; };
		56E544D0216C70B500499762 /* GymFinderUITests.swift in Sources */ = {isa = PBXBuildFile; fileRef = 56E544CF216C70B500499762 /* GymFinderUITests.swift */; };
		56E544E3216C71F600499762 /* GymListTableViewCell.swift in Sources */ = {isa = PBXBuildFile; fileRef = 56E544E2216C71F600499762 /* GymListTableViewCell.swift */; };
		56E544E5216C72DC00499762 /* GymListViewModel.swift in Sources */ = {isa = PBXBuildFile; fileRef = 56E544E4216C72DC00499762 /* GymListViewModel.swift */; };
		56E544E7216C730F00499762 /* GymListCellViewModel.swift in Sources */ = {isa = PBXBuildFile; fileRef = 56E544E6216C730F00499762 /* GymListCellViewModel.swift */; };
		56E544E9216C732700499762 /* Gym.swift in Sources */ = {isa = PBXBuildFile; fileRef = 56E544E8216C732700499762 /* Gym.swift */; };
		56E544EB216C733B00499762 /* GymService.swift in Sources */ = {isa = PBXBuildFile; fileRef = 56E544EA216C733B00499762 /* GymService.swift */; };
		56E544ED216C736200499762 /* GymServiceProtocol.swift in Sources */ = {isa = PBXBuildFile; fileRef = 56E544EC216C736200499762 /* GymServiceProtocol.swift */; };
		56E544EF216C737900499762 /* GymListViewModelSpec.swift in Sources */ = {isa = PBXBuildFile; fileRef = 56E544EE216C737900499762 /* GymListViewModelSpec.swift */; };
		56E544F6216C8B4A00499762 /* Nimble.framework in Frameworks */ = {isa = PBXBuildFile; fileRef = 56E544F4216C8B4A00499762 /* Nimble.framework */; };
		56E544F7216C8B4A00499762 /* Quick.framework in Frameworks */ = {isa = PBXBuildFile; fileRef = 56E544F5216C8B4A00499762 /* Quick.framework */; };
/* End PBXBuildFile section */

/* Begin PBXContainerItemProxy section */
		56E544C1216C70B500499762 /* PBXContainerItemProxy */ = {
			isa = PBXContainerItemProxy;
			containerPortal = 56E544A4216C70B200499762 /* Project object */;
			proxyType = 1;
			remoteGlobalIDString = 56E544AB216C70B200499762;
			remoteInfo = GymFinder;
		};
		56E544CC216C70B500499762 /* PBXContainerItemProxy */ = {
			isa = PBXContainerItemProxy;
			containerPortal = 56E544A4216C70B200499762 /* Project object */;
			proxyType = 1;
			remoteGlobalIDString = 56E544AB216C70B200499762;
			remoteInfo = GymFinder;
		};
/* End PBXContainerItemProxy section */

/* Begin PBXCopyFilesBuildPhase section */
		56E544FC216C8B7B00499762 /* CopyFiles */ = {
			isa = PBXCopyFilesBuildPhase;
			buildActionMask = 2147483647;
			dstPath = "";
			dstSubfolderSpec = 10;
			files = (
			);
			runOnlyForDeploymentPostprocessing = 0;
		};
/* End PBXCopyFilesBuildPhase section */

/* Begin PBXFileReference section */
		42AA27525CD4AF71164CF781 /* Pods-GymFinder.debug.xcconfig */ = {isa = PBXFileReference; includeInIndex = 1; lastKnownFileType = text.xcconfig; name = "Pods-GymFinder.debug.xcconfig"; path = "Pods/Target Support Files/Pods-GymFinder/Pods-GymFinder.debug.xcconfig"; sourceTree = "<group>"; };
		56E544AC216C70B300499762 /* GymFinder.app */ = {isa = PBXFileReference; explicitFileType = wrapper.application; includeInIndex = 0; path = GymFinder.app; sourceTree = BUILT_PRODUCTS_DIR; };
		56E544AF216C70B300499762 /* AppDelegate.swift */ = {isa = PBXFileReference; lastKnownFileType = sourcecode.swift; path = AppDelegate.swift; sourceTree = "<group>"; };
		56E544B1216C70B300499762 /* GymListViewController.swift */ = {isa = PBXFileReference; lastKnownFileType = sourcecode.swift; path = GymListViewController.swift; sourceTree = "<group>"; };
		56E544B4216C70B300499762 /* Base */ = {isa = PBXFileReference; lastKnownFileType = file.storyboard; name = Base; path = Base.lproj/Main.storyboard; sourceTree = "<group>"; };
		56E544B6216C70B500499762 /* Assets.xcassets */ = {isa = PBXFileReference; lastKnownFileType = folder.assetcatalog; path = Assets.xcassets; sourceTree = "<group>"; };
		56E544B9216C70B500499762 /* Base */ = {isa = PBXFileReference; lastKnownFileType = file.storyboard; name = Base; path = Base.lproj/LaunchScreen.storyboard; sourceTree = "<group>"; };
		56E544BB216C70B500499762 /* Info.plist */ = {isa = PBXFileReference; lastKnownFileType = text.plist.xml; path = Info.plist; sourceTree = "<group>"; };
		56E544C0216C70B500499762 /* GymFinderTests.xctest */ = {isa = PBXFileReference; explicitFileType = wrapper.cfbundle; includeInIndex = 0; path = GymFinderTests.xctest; sourceTree = BUILT_PRODUCTS_DIR; };
		56E544C4216C70B500499762 /* GymFinderTests.swift */ = {isa = PBXFileReference; lastKnownFileType = sourcecode.swift; path = GymFinderTests.swift; sourceTree = "<group>"; };
		56E544C6216C70B500499762 /* Info.plist */ = {isa = PBXFileReference; lastKnownFileType = text.plist.xml; path = Info.plist; sourceTree = "<group>"; };
		56E544CB216C70B500499762 /* GymFinderUITests.xctest */ = {isa = PBXFileReference; explicitFileType = wrapper.cfbundle; includeInIndex = 0; path = GymFinderUITests.xctest; sourceTree = BUILT_PRODUCTS_DIR; };
		56E544CF216C70B500499762 /* GymFinderUITests.swift */ = {isa = PBXFileReference; lastKnownFileType = sourcecode.swift; path = GymFinderUITests.swift; sourceTree = "<group>"; };
		56E544D1216C70B500499762 /* Info.plist */ = {isa = PBXFileReference; lastKnownFileType = text.plist.xml; path = Info.plist; sourceTree = "<group>"; };
		56E544E2216C71F600499762 /* GymListTableViewCell.swift */ = {isa = PBXFileReference; lastKnownFileType = sourcecode.swift; path = GymListTableViewCell.swift; sourceTree = "<group>"; };
		56E544E4216C72DC00499762 /* GymListViewModel.swift */ = {isa = PBXFileReference; lastKnownFileType = sourcecode.swift; path = GymListViewModel.swift; sourceTree = "<group>"; };
		56E544E6216C730F00499762 /* GymListCellViewModel.swift */ = {isa = PBXFileReference; lastKnownFileType = sourcecode.swift; path = GymListCellViewModel.swift; sourceTree = "<group>"; };
		56E544E8216C732700499762 /* Gym.swift */ = {isa = PBXFileReference; lastKnownFileType = sourcecode.swift; path = Gym.swift; sourceTree = "<group>"; };
		56E544EA216C733B00499762 /* GymService.swift */ = {isa = PBXFileReference; lastKnownFileType = sourcecode.swift; path = GymService.swift; sourceTree = "<group>"; };
		56E544EC216C736200499762 /* GymServiceProtocol.swift */ = {isa = PBXFileReference; lastKnownFileType = sourcecode.swift; path = GymServiceProtocol.swift; sourceTree = "<group>"; };
		56E544EE216C737900499762 /* GymListViewModelSpec.swift */ = {isa = PBXFileReference; lastKnownFileType = sourcecode.swift; path = GymListViewModelSpec.swift; sourceTree = "<group>"; };
		56E544F4216C8B4A00499762 /* Nimble.framework */ = {isa = PBXFileReference; lastKnownFileType = wrapper.framework; name = Nimble.framework; path = ../GymFinder/Carthage/Build/iOS/Nimble.framework; sourceTree = "<group>"; };
		56E544F5216C8B4A00499762 /* Quick.framework */ = {isa = PBXFileReference; lastKnownFileType = wrapper.framework; name = Quick.framework; path = ../GymFinder/Carthage/Build/iOS/Quick.framework; sourceTree = "<group>"; };
		B142F52A14FBD18E3BC005D1 /* Pods-GymFinder.release.xcconfig */ = {isa = PBXFileReference; includeInIndex = 1; lastKnownFileType = text.xcconfig; name = "Pods-GymFinder.release.xcconfig"; path = "Pods/Target Support Files/Pods-GymFinder/Pods-GymFinder.release.xcconfig"; sourceTree = "<group>"; };
/* End PBXFileReference section */

/* Begin PBXFrameworksBuildPhase section */
		56E544A9216C70B200499762 /* Frameworks */ = {
			isa = PBXFrameworksBuildPhase;
			buildActionMask = 2147483647;
			files = (
			);
			runOnlyForDeploymentPostprocessing = 0;
		};
		56E544BD216C70B500499762 /* Frameworks */ = {
			isa = PBXFrameworksBuildPhase;
			buildActionMask = 2147483647;
			files = (
				56E544F6216C8B4A00499762 /* Nimble.framework in Frameworks */,
				56E544F7216C8B4A00499762 /* Quick.framework in Frameworks */,
			);
			runOnlyForDeploymentPostprocessing = 0;
		};
		56E544C8216C70B500499762 /* Frameworks */ = {
			isa = PBXFrameworksBuildPhase;
			buildActionMask = 2147483647;
			files = (
			);
			runOnlyForDeploymentPostprocessing = 0;
		};
/* End PBXFrameworksBuildPhase section */

/* Begin PBXGroup section */
		56E544A3216C70B200499762 = {
			isa = PBXGroup;
			children = (
				56E544AE216C70B300499762 /* GymFinder */,
				56E544C3216C70B500499762 /* GymFinderTests */,
				56E544CE216C70B500499762 /* GymFinderUITests */,
				56E544AD216C70B300499762 /* Products */,
				56E544F3216C8B4900499762 /* Frameworks */,
				94451551B9800F69B3109EC7 /* Pods */,
			);
			sourceTree = "<group>";
		};
		56E544AD216C70B300499762 /* Products */ = {
			isa = PBXGroup;
			children = (
				56E544AC216C70B300499762 /* GymFinder.app */,
				56E544C0216C70B500499762 /* GymFinderTests.xctest */,
				56E544CB216C70B500499762 /* GymFinderUITests.xctest */,
			);
			name = Products;
			sourceTree = "<group>";
		};
		56E544AE216C70B300499762 /* GymFinder */ = {
			isa = PBXGroup;
			children = (
				56E544DD216C710500499762 /* Views */,
				56E544DE216C710E00499762 /* ViewModel */,
				56E544DF216C712300499762 /* Model */,
				56E544E0216C712A00499762 /* Service */,
				56E544E1216C713300499762 /* Test */,
				56E544AF216C70B300499762 /* AppDelegate.swift */,
				56E544B3216C70B300499762 /* Main.storyboard */,
				56E544B6216C70B500499762 /* Assets.xcassets */,
				56E544B8216C70B500499762 /* LaunchScreen.storyboard */,
				56E544BB216C70B500499762 /* Info.plist */,
			);
			path = GymFinder;
			sourceTree = "<group>";
		};
		56E544C3216C70B500499762 /* GymFinderTests */ = {
			isa = PBXGroup;
			children = (
				56E544C4216C70B500499762 /* GymFinderTests.swift */,
				56E544C6216C70B500499762 /* Info.plist */,
			);
			path = GymFinderTests;
			sourceTree = "<group>";
		};
		56E544CE216C70B500499762 /* GymFinderUITests */ = {
			isa = PBXGroup;
			children = (
				56E544CF216C70B500499762 /* GymFinderUITests.swift */,
				56E544D1216C70B500499762 /* Info.plist */,
			);
			path = GymFinderUITests;
			sourceTree = "<group>";
		};
		56E544DD216C710500499762 /* Views */ = {
			isa = PBXGroup;
			children = (
				56E544B1216C70B300499762 /* GymListViewController.swift */,
				56E544E2216C71F600499762 /* GymListTableViewCell.swift */,
			);
			path = Views;
			sourceTree = "<group>";
		};
		56E544DE216C710E00499762 /* ViewModel */ = {
			isa = PBXGroup;
			children = (
				56E544E4216C72DC00499762 /* GymListViewModel.swift */,
				56E544E6216C730F00499762 /* GymListCellViewModel.swift */,
			);
			path = ViewModel;
			sourceTree = "<group>";
		};
		56E544DF216C712300499762 /* Model */ = {
			isa = PBXGroup;
			children = (
				56E544E8216C732700499762 /* Gym.swift */,
			);
			path = Model;
			sourceTree = "<group>";
		};
		56E544E0216C712A00499762 /* Service */ = {
			isa = PBXGroup;
			children = (
				56E544EA216C733B00499762 /* GymService.swift */,
				56E544EC216C736200499762 /* GymServiceProtocol.swift */,
			);
			path = Service;
			sourceTree = "<group>";
		};
		56E544E1216C713300499762 /* Test */ = {
			isa = PBXGroup;
			children = (
				56E544EE216C737900499762 /* GymListViewModelSpec.swift */,
			);
			path = Test;
			sourceTree = "<group>";
		};
		56E544F3216C8B4900499762 /* Frameworks */ = {
			isa = PBXGroup;
			children = (
				56E544F4216C8B4A00499762 /* Nimble.framework */,
				56E544F5216C8B4A00499762 /* Quick.framework */,
			);
			name = Frameworks;
			sourceTree = "<group>";
		};
		94451551B9800F69B3109EC7 /* Pods */ = {
			isa = PBXGroup;
			children = (
				42AA27525CD4AF71164CF781 /* Pods-GymFinder.debug.xcconfig */,
				B142F52A14FBD18E3BC005D1 /* Pods-GymFinder.release.xcconfig */,
			);
			name = Pods;
			sourceTree = "<group>";
		};
/* End PBXGroup section */

/* Begin PBXNativeTarget section */
		56E544AB216C70B200499762 /* GymFinder */ = {
			isa = PBXNativeTarget;
			buildConfigurationList = 56E544D4216C70B500499762 /* Build configuration list for PBXNativeTarget "GymFinder" */;
			buildPhases = (
				A3CF36C86F8CA8971D8DDADE /* [CP] Check Pods Manifest.lock */,
				56E544A8216C70B200499762 /* Sources */,
				56E544A9216C70B200499762 /* Frameworks */,
				56E544AA216C70B200499762 /* Resources */,
				916B93E30EAFF5252C4DCAE5 /* [CP] Embed Pods Frameworks */,
			);
			buildRules = (
			);
			dependencies = (
			);
			name = GymFinder;
			productName = GymFinder;
			productReference = 56E544AC216C70B300499762 /* GymFinder.app */;
			productType = "com.apple.product-type.application";
		};
		56E544BF216C70B500499762 /* GymFinderTests */ = {
			isa = PBXNativeTarget;
			buildConfigurationList = 56E544D7216C70B500499762 /* Build configuration list for PBXNativeTarget "GymFinderTests" */;
			buildPhases = (
				56E544BC216C70B500499762 /* Sources */,
				56E544BD216C70B500499762 /* Frameworks */,
				56E544BE216C70B500499762 /* Resources */,
				56E544FC216C8B7B00499762 /* CopyFiles */,
			);
			buildRules = (
			);
			dependencies = (
				56E544C2216C70B500499762 /* PBXTargetDependency */,
			);
			name = GymFinderTests;
			productName = GymFinderTests;
			productReference = 56E544C0216C70B500499762 /* GymFinderTests.xctest */;
			productType = "com.apple.product-type.bundle.unit-test";
		};
		56E544CA216C70B500499762 /* GymFinderUITests */ = {
			isa = PBXNativeTarget;
			buildConfigurationList = 56E544DA216C70B500499762 /* Build configuration list for PBXNativeTarget "GymFinderUITests" */;
			buildPhases = (
				56E544C7216C70B500499762 /* Sources */,
				56E544C8216C70B500499762 /* Frameworks */,
				56E544C9216C70B500499762 /* Resources */,
			);
			buildRules = (
			);
			dependencies = (
				56E544CD216C70B500499762 /* PBXTargetDependency */,
			);
			name = GymFinderUITests;
			productName = GymFinderUITests;
			productReference = 56E544CB216C70B500499762 /* GymFinderUITests.xctest */;
			productType = "com.apple.product-type.bundle.ui-testing";
		};
/* End PBXNativeTarget section */

/* Begin PBXProject section */
		56E544A4216C70B200499762 /* Project object */ = {
			isa = PBXProject;
			attributes = {
				LastSwiftUpdateCheck = 0940;
				LastUpgradeCheck = 0940;
				ORGANIZATIONNAME = "Bray Santos";
				TargetAttributes = {
					56E544AB216C70B200499762 = {
						CreatedOnToolsVersion = 9.4.1;
					};
					56E544BF216C70B500499762 = {
						CreatedOnToolsVersion = 9.4.1;
						TestTargetID = 56E544AB216C70B200499762;
					};
					56E544CA216C70B500499762 = {
						CreatedOnToolsVersion = 9.4.1;
						TestTargetID = 56E544AB216C70B200499762;
					};
				};
			};
			buildConfigurationList = 56E544A7216C70B200499762 /* Build configuration list for PBXProject "GymFinder" */;
			compatibilityVersion = "Xcode 9.3";
			developmentRegion = en;
			hasScannedForEncodings = 0;
			knownRegions = (
				en,
				Base,
			);
			mainGroup = 56E544A3216C70B200499762;
			productRefGroup = 56E544AD216C70B300499762 /* Products */;
			projectDirPath = "";
			projectRoot = "";
			targets = (
				56E544AB216C70B200499762 /* GymFinder */,
				56E544BF216C70B500499762 /* GymFinderTests */,
				56E544CA216C70B500499762 /* GymFinderUITests */,
			);
		};
/* End PBXProject section */

/* Begin PBXResourcesBuildPhase section */
		56E544AA216C70B200499762 /* Resources */ = {
			isa = PBXResourcesBuildPhase;
			buildActionMask = 2147483647;
			files = (
				56E544BA216C70B500499762 /* LaunchScreen.storyboard in Resources */,
				56E544B7216C70B500499762 /* Assets.xcassets in Resources */,
				56E544B5216C70B300499762 /* Main.storyboard in Resources */,
			);
			runOnlyForDeploymentPostprocessing = 0;
		};
		56E544BE216C70B500499762 /* Resources */ = {
			isa = PBXResourcesBuildPhase;
			buildActionMask = 2147483647;
			files = (
			);
			runOnlyForDeploymentPostprocessing = 0;
		};
		56E544C9216C70B500499762 /* Resources */ = {
			isa = PBXResourcesBuildPhase;
			buildActionMask = 2147483647;
			files = (
			);
			runOnlyForDeploymentPostprocessing = 0;
		};
/* End PBXResourcesBuildPhase section */

/* Begin PBXShellScriptBuildPhase section */
		916B93E30EAFF5252C4DCAE5 /* [CP] Embed Pods Frameworks */ = {
			isa = PBXShellScriptBuildPhase;
			buildActionMask = 2147483647;
			files = (
			);
			inputPaths = (
				"${SRCROOT}/Pods/Target Support Files/Pods-GymFinder/Pods-GymFinder-frameworks.sh",
				"${BUILT_PRODUCTS_DIR}/SwiftyJSON/SwiftyJSON.framework",
			);
			name = "[CP] Embed Pods Frameworks";
			outputPaths = (
				"${TARGET_BUILD_DIR}/${FRAMEWORKS_FOLDER_PATH}/SwiftyJSON.framework",
			);
			runOnlyForDeploymentPostprocessing = 0;
			shellPath = /bin/sh;
			shellScript = "\"${SRCROOT}/Pods/Target Support Files/Pods-GymFinder/Pods-GymFinder-frameworks.sh\"\n";
			showEnvVarsInLog = 0;
		};
		A3CF36C86F8CA8971D8DDADE /* [CP] Check Pods Manifest.lock */ = {
			isa = PBXShellScriptBuildPhase;
			buildActionMask = 2147483647;
			files = (
			);
			inputPaths = (
				"${PODS_PODFILE_DIR_PATH}/Podfile.lock",
				"${PODS_ROOT}/Manifest.lock",
			);
			name = "[CP] Check Pods Manifest.lock";
			outputPaths = (
				"$(DERIVED_FILE_DIR)/Pods-GymFinder-checkManifestLockResult.txt",
			);
			runOnlyForDeploymentPostprocessing = 0;
			shellPath = /bin/sh;
			shellScript = "diff \"${PODS_PODFILE_DIR_PATH}/Podfile.lock\" \"${PODS_ROOT}/Manifest.lock\" > /dev/null\nif [ $? != 0 ] ; then\n    # print error to STDERR\n    echo \"error: The sandbox is not in sync with the Podfile.lock. Run 'pod install' or update your CocoaPods installation.\" >&2\n    exit 1\nfi\n# This output is used by Xcode 'outputs' to avoid re-running this script phase.\necho \"SUCCESS\" > \"${SCRIPT_OUTPUT_FILE_0}\"\n";
			showEnvVarsInLog = 0;
		};
/* End PBXShellScriptBuildPhase section */

/* Begin PBXSourcesBuildPhase section */
		56E544A8216C70B200499762 /* Sources */ = {
			isa = PBXSourcesBuildPhase;
			buildActionMask = 2147483647;
			files = (
				56E544B2216C70B300499762 /* GymListViewController.swift in Sources */,
				56E544E9216C732700499762 /* Gym.swift in Sources */,
				56E544E3216C71F600499762 /* GymListTableViewCell.swift in Sources */,
				56E544EF216C737900499762 /* GymListViewModelSpec.swift in Sources */,
				56E544ED216C736200499762 /* GymServiceProtocol.swift in Sources */,
				56E544E5216C72DC00499762 /* GymListViewModel.swift in Sources */,
				56E544B0216C70B300499762 /* AppDelegate.swift in Sources */,
				56E544E7216C730F00499762 /* GymListCellViewModel.swift in Sources */,
				56E544EB216C733B00499762 /* GymService.swift in Sources */,
			);
			runOnlyForDeploymentPostprocessing = 0;
		};
		56E544BC216C70B500499762 /* Sources */ = {
			isa = PBXSourcesBuildPhase;
			buildActionMask = 2147483647;
			files = (
				56E544C5216C70B500499762 /* GymFinderTests.swift in Sources */,
			);
			runOnlyForDeploymentPostprocessing = 0;
		};
		56E544C7216C70B500499762 /* Sources */ = {
			isa = PBXSourcesBuildPhase;
			buildActionMask = 2147483647;
			files = (
				56E544D0216C70B500499762 /* GymFinderUITests.swift in Sources */,
			);
			runOnlyForDeploymentPostprocessing = 0;
		};
/* End PBXSourcesBuildPhase section */

/* Begin PBXTargetDependency section */
		56E544C2216C70B500499762 /* PBXTargetDependency */ = {
			isa = PBXTargetDependency;
			target = 56E544AB216C70B200499762 /* GymFinder */;
			targetProxy = 56E544C1216C70B500499762 /* PBXContainerItemProxy */;
		};
		56E544CD216C70B500499762 /* PBXTargetDependency */ = {
			isa = PBXTargetDependency;
			target = 56E544AB216C70B200499762 /* GymFinder */;
			targetProxy = 56E544CC216C70B500499762 /* PBXContainerItemProxy */;
		};
/* End PBXTargetDependency section */

/* Begin PBXVariantGroup section */
		56E544B3216C70B300499762 /* Main.storyboard */ = {
			isa = PBXVariantGroup;
			children = (
				56E544B4216C70B300499762 /* Base */,
			);
			name = Main.storyboard;
			sourceTree = "<group>";
		};
		56E544B8216C70B500499762 /* LaunchScreen.storyboard */ = {
			isa = PBXVariantGroup;
			children = (
				56E544B9216C70B500499762 /* Base */,
			);
			name = LaunchScreen.storyboard;
			sourceTree = "<group>";
		};
/* End PBXVariantGroup section */

/* Begin XCBuildConfiguration section */
		56E544D2216C70B500499762 /* Debug */ = {
			isa = XCBuildConfiguration;
			buildSettings = {
				ALWAYS_SEARCH_USER_PATHS = NO;
				CLANG_ANALYZER_NONNULL = YES;
				CLANG_ANALYZER_NUMBER_OBJECT_CONVERSION = YES_AGGRESSIVE;
				CLANG_CXX_LANGUAGE_STANDARD = "gnu++14";
				CLANG_CXX_LIBRARY = "libc++";
				CLANG_ENABLE_MODULES = YES;
				CLANG_ENABLE_OBJC_ARC = YES;
				CLANG_ENABLE_OBJC_WEAK = YES;
				CLANG_WARN_BLOCK_CAPTURE_AUTORELEASING = YES;
				CLANG_WARN_BOOL_CONVERSION = YES;
				CLANG_WARN_COMMA = YES;
				CLANG_WARN_CONSTANT_CONVERSION = YES;
				CLANG_WARN_DEPRECATED_OBJC_IMPLEMENTATIONS = YES;
				CLANG_WARN_DIRECT_OBJC_ISA_USAGE = YES_ERROR;
				CLANG_WARN_DOCUMENTATION_COMMENTS = YES;
				CLANG_WARN_EMPTY_BODY = YES;
				CLANG_WARN_ENUM_CONVERSION = YES;
				CLANG_WARN_INFINITE_RECURSION = YES;
				CLANG_WARN_INT_CONVERSION = YES;
				CLANG_WARN_NON_LITERAL_NULL_CONVERSION = YES;
				CLANG_WARN_OBJC_IMPLICIT_RETAIN_SELF = YES;
				CLANG_WARN_OBJC_LITERAL_CONVERSION = YES;
				CLANG_WARN_OBJC_ROOT_CLASS = YES_ERROR;
				CLANG_WARN_RANGE_LOOP_ANALYSIS = YES;
				CLANG_WARN_STRICT_PROTOTYPES = YES;
				CLANG_WARN_SUSPICIOUS_MOVE = YES;
				CLANG_WARN_UNGUARDED_AVAILABILITY = YES_AGGRESSIVE;
				CLANG_WARN_UNREACHABLE_CODE = YES;
				CLANG_WARN__DUPLICATE_METHOD_MATCH = YES;
				CODE_SIGN_IDENTITY = "iPhone Developer";
				COPY_PHASE_STRIP = NO;
				DEBUG_INFORMATION_FORMAT = dwarf;
				ENABLE_STRICT_OBJC_MSGSEND = YES;
				ENABLE_TESTABILITY = YES;
				GCC_C_LANGUAGE_STANDARD = gnu11;
				GCC_DYNAMIC_NO_PIC = NO;
				GCC_NO_COMMON_BLOCKS = YES;
				GCC_OPTIMIZATION_LEVEL = 0;
				GCC_PREPROCESSOR_DEFINITIONS = (
					"DEBUG=1",
					"$(inherited)",
				);
				GCC_WARN_64_TO_32_BIT_CONVERSION = YES;
				GCC_WARN_ABOUT_RETURN_TYPE = YES_ERROR;
				GCC_WARN_UNDECLARED_SELECTOR = YES;
				GCC_WARN_UNINITIALIZED_AUTOS = YES_AGGRESSIVE;
				GCC_WARN_UNUSED_FUNCTION = YES;
				GCC_WARN_UNUSED_VARIABLE = YES;
				IPHONEOS_DEPLOYMENT_TARGET = 11.4;
				MTL_ENABLE_DEBUG_INFO = YES;
				ONLY_ACTIVE_ARCH = YES;
				SDKROOT = iphoneos;
				SWIFT_ACTIVE_COMPILATION_CONDITIONS = DEBUG;
				SWIFT_OPTIMIZATION_LEVEL = "-Onone";
			};
			name = Debug;
		};
		56E544D3216C70B500499762 /* Release */ = {
			isa = XCBuildConfiguration;
			buildSettings = {
				ALWAYS_SEARCH_USER_PATHS = NO;
				CLANG_ANALYZER_NONNULL = YES;
				CLANG_ANALYZER_NUMBER_OBJECT_CONVERSION = YES_AGGRESSIVE;
				CLANG_CXX_LANGUAGE_STANDARD = "gnu++14";
				CLANG_CXX_LIBRARY = "libc++";
				CLANG_ENABLE_MODULES = YES;
				CLANG_ENABLE_OBJC_ARC = YES;
				CLANG_ENABLE_OBJC_WEAK = YES;
				CLANG_WARN_BLOCK_CAPTURE_AUTORELEASING = YES;
				CLANG_WARN_BOOL_CONVERSION = YES;
				CLANG_WARN_COMMA = YES;
				CLANG_WARN_CONSTANT_CONVERSION = YES;
				CLANG_WARN_DEPRECATED_OBJC_IMPLEMENTATIONS = YES;
				CLANG_WARN_DIRECT_OBJC_ISA_USAGE = YES_ERROR;
				CLANG_WARN_DOCUMENTATION_COMMENTS = YES;
				CLANG_WARN_EMPTY_BODY = YES;
				CLANG_WARN_ENUM_CONVERSION = YES;
				CLANG_WARN_INFINITE_RECURSION = YES;
				CLANG_WARN_INT_CONVERSION = YES;
				CLANG_WARN_NON_LITERAL_NULL_CONVERSION = YES;
				CLANG_WARN_OBJC_IMPLICIT_RETAIN_SELF = YES;
				CLANG_WARN_OBJC_LITERAL_CONVERSION = YES;
				CLANG_WARN_OBJC_ROOT_CLASS = YES_ERROR;
				CLANG_WARN_RANGE_LOOP_ANALYSIS = YES;
				CLANG_WARN_STRICT_PROTOTYPES = YES;
				CLANG_WARN_SUSPICIOUS_MOVE = YES;
				CLANG_WARN_UNGUARDED_AVAILABILITY = YES_AGGRESSIVE;
				CLANG_WARN_UNREACHABLE_CODE = YES;
				CLANG_WARN__DUPLICATE_METHOD_MATCH = YES;
				CODE_SIGN_IDENTITY = "iPhone Developer";
				COPY_PHASE_STRIP = NO;
				DEBUG_INFORMATION_FORMAT = "dwarf-with-dsym";
				ENABLE_NS_ASSERTIONS = NO;
				ENABLE_STRICT_OBJC_MSGSEND = YES;
				GCC_C_LANGUAGE_STANDARD = gnu11;
				GCC_NO_COMMON_BLOCKS = YES;
				GCC_WARN_64_TO_32_BIT_CONVERSION = YES;
				GCC_WARN_ABOUT_RETURN_TYPE = YES_ERROR;
				GCC_WARN_UNDECLARED_SELECTOR = YES;
				GCC_WARN_UNINITIALIZED_AUTOS = YES_AGGRESSIVE;
				GCC_WARN_UNUSED_FUNCTION = YES;
				GCC_WARN_UNUSED_VARIABLE = YES;
				IPHONEOS_DEPLOYMENT_TARGET = 11.4;
				MTL_ENABLE_DEBUG_INFO = NO;
				SDKROOT = iphoneos;
				SWIFT_COMPILATION_MODE = wholemodule;
				SWIFT_OPTIMIZATION_LEVEL = "-O";
				VALIDATE_PRODUCT = YES;
			};
			name = Release;
		};
		56E544D5216C70B500499762 /* Debug */ = {
			isa = XCBuildConfiguration;
			baseConfigurationReference = 42AA27525CD4AF71164CF781 /* Pods-GymFinder.debug.xcconfig */;
			buildSettings = {
				ASSETCATALOG_COMPILER_APPICON_NAME = AppIcon;
				CODE_SIGN_STYLE = Automatic;
				DEVELOPMENT_TEAM = FLQHVGQ78W;
				FRAMEWORK_SEARCH_PATHS = (
					"$(inherited)",
					"$(PROJECT_DIR)/build/Debug-iphonesimulator",
					"$(PROJECT_DIR)/build/Debug-iphonesimulator/SwiftyJSON",
				);
				INFOPLIST_FILE = GymFinder/Info.plist;
				LD_RUNPATH_SEARCH_PATHS = "$(inherited)";
				PRODUCT_BUNDLE_IDENTIFIER = com.santosbray.GymFinder;
				PRODUCT_NAME = "$(TARGET_NAME)";
				SWIFT_VERSION = 4.0;
				TARGETED_DEVICE_FAMILY = "1,2";
			};
			name = Debug;
		};
		56E544D6216C70B500499762 /* Release */ = {
			isa = XCBuildConfiguration;
			baseConfigurationReference = B142F52A14FBD18E3BC005D1 /* Pods-GymFinder.release.xcconfig */;
			buildSettings = {
				ASSETCATALOG_COMPILER_APPICON_NAME = AppIcon;
				CODE_SIGN_STYLE = Automatic;
				DEVELOPMENT_TEAM = FLQHVGQ78W;
				FRAMEWORK_SEARCH_PATHS = (
					"$(inherited)",
					"$(PROJECT_DIR)/build/Debug-iphonesimulator",
					"$(PROJECT_DIR)/build/Debug-iphonesimulator/SwiftyJSON",
				);
				INFOPLIST_FILE = GymFinder/Info.plist;
				LD_RUNPATH_SEARCH_PATHS = "$(inherited)";
				PRODUCT_BUNDLE_IDENTIFIER = com.santosbray.GymFinder;
				PRODUCT_NAME = "$(TARGET_NAME)";
				SWIFT_VERSION = 4.0;
				TARGETED_DEVICE_FAMILY = "1,2";
			};
			name = Release;
		};
		56E544D8216C70B500499762 /* Debug */ = {
			isa = XCBuildConfiguration;
			buildSettings = {
				ALWAYS_EMBED_SWIFT_STANDARD_LIBRARIES = YES;
				BUNDLE_LOADER = "$(TEST_HOST)";
				CODE_SIGN_STYLE = Automatic;
				DEVELOPMENT_TEAM = FLQHVGQ78W;
				INFOPLIST_FILE = GymFinderTests/Info.plist;
				LD_RUNPATH_SEARCH_PATHS = (
					"$(inherited)",
					"@executable_path/Frameworks",
					"@loader_path/Frameworks",
				);
				PRODUCT_BUNDLE_IDENTIFIER = com.santosbray.GymFinderTests;
				PRODUCT_NAME = "$(TARGET_NAME)";
				SWIFT_VERSION = 4.0;
				TARGETED_DEVICE_FAMILY = "1,2";
				TEST_HOST = "$(BUILT_PRODUCTS_DIR)/GymFinder.app/GymFinder";
			};
			name = Debug;
		};
		56E544D9216C70B500499762 /* Release */ = {
			isa = XCBuildConfiguration;
			buildSettings = {
				ALWAYS_EMBED_SWIFT_STANDARD_LIBRARIES = YES;
				BUNDLE_LOADER = "$(TEST_HOST)";
				CODE_SIGN_STYLE = Automatic;
				DEVELOPMENT_TEAM = FLQHVGQ78W;
				INFOPLIST_FILE = GymFinderTests/Info.plist;
				LD_RUNPATH_SEARCH_PATHS = (
					"$(inherited)",
					"@executable_path/Frameworks",
					"@loader_path/Frameworks",
				);
				PRODUCT_BUNDLE_IDENTIFIER = com.santosbray.GymFinderTests;
				PRODUCT_NAME = "$(TARGET_NAME)";
				SWIFT_VERSION = 4.0;
				TARGETED_DEVICE_FAMILY = "1,2";
				TEST_HOST = "$(BUILT_PRODUCTS_DIR)/GymFinder.app/GymFinder";
			};
			name = Release;
		};
		56E544DB216C70B500499762 /* Debug */ = {
			isa = XCBuildConfiguration;
			buildSettings = {
				ALWAYS_EMBED_SWIFT_STANDARD_LIBRARIES = YES;
				CODE_SIGN_STYLE = Automatic;
				INFOPLIST_FILE = GymFinderUITests/Info.plist;
				LD_RUNPATH_SEARCH_PATHS = (
					"$(inherited)",
					"@executable_path/Frameworks",
					"@loader_path/Frameworks",
				);
				PRODUCT_BUNDLE_IDENTIFIER = com.santosbray.GymFinderUITests;
				PRODUCT_NAME = "$(TARGET_NAME)";
				SWIFT_VERSION = 4.0;
				TARGETED_DEVICE_FAMILY = "1,2";
				TEST_TARGET_NAME = GymFinder;
			};
			name = Debug;
		};
		56E544DC216C70B500499762 /* Release */ = {
			isa = XCBuildConfiguration;
			buildSettings = {
				ALWAYS_EMBED_SWIFT_STANDARD_LIBRARIES = YES;
				CODE_SIGN_STYLE = Automatic;
				INFOPLIST_FILE = GymFinderUITests/Info.plist;
				LD_RUNPATH_SEARCH_PATHS = (
					"$(inherited)",
					"@executable_path/Frameworks",
					"@loader_path/Frameworks",
				);
				PRODUCT_BUNDLE_IDENTIFIER = com.santosbray.GymFinderUITests;
				PRODUCT_NAME = "$(TARGET_NAME)";
				SWIFT_VERSION = 4.0;
				TARGETED_DEVICE_FAMILY = "1,2";
				TEST_TARGET_NAME = GymFinder;
			};
			name = Release;
		};
/* End XCBuildConfiguration section */

/* Begin XCConfigurationList section */
		56E544A7216C70B200499762 /* Build configuration list for PBXProject "GymFinder" */ = {
			isa = XCConfigurationList;
			buildConfigurations = (
				56E544D2216C70B500499762 /* Debug */,
				56E544D3216C70B500499762 /* Release */,
			);
			defaultConfigurationIsVisible = 0;
			defaultConfigurationName = Release;
		};
		56E544D4216C70B500499762 /* Build configuration list for PBXNativeTarget "GymFinder" */ = {
			isa = XCConfigurationList;
			buildConfigurations = (
				56E544D5216C70B500499762 /* Debug */,
				56E544D6216C70B500499762 /* Release */,
			);
			defaultConfigurationIsVisible = 0;
			defaultConfigurationName = Release;
		};
		56E544D7216C70B500499762 /* Build configuration list for PBXNativeTarget "GymFinderTests" */ = {
			isa = XCConfigurationList;
			buildConfigurations = (
				56E544D8216C70B500499762 /* Debug */,
				56E544D9216C70B500499762 /* Release */,
			);
			defaultConfigurationIsVisible = 0;
			defaultConfigurationName = Release;
		};
		56E544DA216C70B500499762 /* Build configuration list for PBXNativeTarget "GymFinderUITests" */ = {
			isa = XCConfigurationList;
			buildConfigurations = (
				56E544DB216C70B500499762 /* Debug */,
				56E544DC216C70B500499762 /* Release */,
			);
			defaultConfigurationIsVisible = 0;
			defaultConfigurationName = Release;
		};
/* End XCConfigurationList section */
	};
	rootObject = 56E544A4216C70B200499762 /* Project object */;
}
